
Microsoft Visual Studio Solution File, Format Version 12.00
# Visual Studio Version 17
VisualStudioVersion = 17.8.34408.163
MinimumVisualStudioVersion = 10.0.40219.1
Project("{2150E333-8FDC-42A3-9474-1A3956D46DE8}") = "src", "src", "{CCCCFA3E-CE8C-48CC-B5F1-95F88101ED7C}"
EndProject
Project("{2150E333-8FDC-42A3-9474-1A3956D46DE8}") = "tests", "tests", "{71D9B8A6-6DE1-4931-AF24-41E2C4F5122D}"
EndProject
Project("{2150E333-8FDC-42A3-9474-1A3956D46DE8}") = "ApiGateway", "ApiGateway", "{49D65E46-DE49-4120-8644-FEC214F6655F}"
EndProject
Project("{2150E333-8FDC-42A3-9474-1A3956D46DE8}") = "Microservices", "Microservices", "{76A478CE-DEDA-4A35-BE7F-98020BFD9D6C}"
EndProject
Project("{2150E333-8FDC-42A3-9474-1A3956D46DE8}") = "Shared", "Shared", "{8E262A4E-041A-4C59-A723-4EB833464912}"
EndProject
Project("{9A19103F-16F7-4668-BE54-9A1E7A4F7556}") = "ITT.Shared.Application", "src\Shared\ITT.Shared.Application\ITT.Shared.Application.csproj", "{BDCBC36A-992A-4A20-81C3-0B2B9AF11EB3}"
EndProject
Project("{9A19103F-16F7-4668-BE54-9A1E7A4F7556}") = "ITT.Shared.Infrastructure", "src\Shared\ITT.Shared.Infrastructure\ITT.Shared.Infrastructure.csproj", "{7876774A-4D94-46A9-8214-C45748D08FA5}"
EndProject
Project("{2150E333-8FDC-42A3-9474-1A3956D46DE8}") = "DocumentUploadService", "DocumentUploadService", "{28074D9C-26D8-42B8-83FC-12A10CA247BF}"
EndProject
Project("{2150E333-8FDC-42A3-9474-1A3956D46DE8}") = "SummaryService", "SummaryService", "{4D63D7B1-7E53-45D1-B4A2-EEFE77ADEE79}"
EndProject
Project("{2150E333-8FDC-42A3-9474-1A3956D46DE8}") = "OcrService", "OcrService", "{A092AE7A-7F5F-4DCB-80E8-672EDD982B22}"
EndProject
Project("{9A19103F-16F7-4668-BE54-9A1E7A4F7556}") = "ITT.DocumentUploadService.Api", "src\Microservices\DocumentUploadService\ITT.DocumentUploadService.Api\ITT.DocumentUploadService.Api.csproj", "{20FB16A2-DD1C-48E4-A958-A3C90C577B68}"
EndProject
Project("{9A19103F-16F7-4668-BE54-9A1E7A4F7556}") = "ITT.Shared.Shared", "src\Shared\ITT.Shared.Shared\ITT.Shared.Shared.csproj", "{EC92C25F-ADB8-437A-A1D5-B5C562342BE2}"
EndProject
Project("{9A19103F-16F7-4668-BE54-9A1E7A4F7556}") = "ITT.DocumentUploadService.Application", "src\Microservices\DocumentUploadService\ITT.DocumentUploadService.Application\ITT.DocumentUploadService.Application.csproj", "{21E4FD8D-5DF6-4366-9195-5FA7573FA679}"
EndProject
Project("{9A19103F-16F7-4668-BE54-9A1E7A4F7556}") = "ITT.DocumentUploadService.Domain", "src\Microservices\DocumentUploadService\ITT.DocumentUploadService.Domain\ITT.DocumentUploadService.Domain.csproj", "{0F6A889F-D879-492C-94F7-7CD286D14CE1}"
EndProject
Project("{9A19103F-16F7-4668-BE54-9A1E7A4F7556}") = "ITT.DocumentUploadService.Infrastructure", "src\Microservices\DocumentUploadService\ITT.DocumentUploadService.Infrastructure\ITT.DocumentUploadService.Infrastructure.csproj", "{F6B958A7-D693-44D8-80F6-DE7352BA29B4}"
EndProject
Project("{9A19103F-16F7-4668-BE54-9A1E7A4F7556}") = "ITT.DocumentUploadService.Shared", "src\Microservices\DocumentUploadService\ITT.DocumentUploadService.Shared\ITT.DocumentUploadService.Shared.csproj", "{966AEB98-B746-4379-89DF-09BD527C61DE}"
EndProject
Project("{9A19103F-16F7-4668-BE54-9A1E7A4F7556}") = "ITT.DocumentUploadService.Persistence", "src\Microservices\DocumentUploadService\ITT.DocumentUploadService.Persistence\ITT.DocumentUploadService.Persistence.csproj", "{31CD0874-8102-414F-BDE5-64C9ADE1EDEC}"
EndProject
Project("{9A19103F-16F7-4668-BE54-9A1E7A4F7556}") = "ITT.OCRService.Api", "src\Microservices\OCRService\ITT.OCRService.Api\ITT.OCRService.Api.csproj", "{6F8CB683-8837-4D71-AD66-2EBA36C889D0}"
EndProject
Project("{9A19103F-16F7-4668-BE54-9A1E7A4F7556}") = "ITT.OCRService.Application", "src\Microservices\OCRService\ITT.OCRService.Application\ITT.OCRService.Application.csproj", "{2A828FA5-792E-4C3F-A249-C922B9D2FB6D}"
EndProject
Project("{9A19103F-16F7-4668-BE54-9A1E7A4F7556}") = "ITT.OCRService.Domain", "src\Microservices\OCRService\ITT.OCRService.Domain\ITT.OCRService.Domain.csproj", "{455DA2C4-7FCA-43E8-B42C-45EAF9B78F64}"
EndProject
Project("{9A19103F-16F7-4668-BE54-9A1E7A4F7556}") = "ITT.OCRService.Infrastructure", "src\Microservices\OCRService\ITT.OCRService.Infrastructure\ITT.OCRService.Infrastructure.csproj", "{C8A52F17-2385-47FF-8E04-4D55F00182AE}"
EndProject
Project("{9A19103F-16F7-4668-BE54-9A1E7A4F7556}") = "ITT.OCRService.Persistence", "src\Microservices\OCRService\ITT.OCRService.Persistence\ITT.OCRService.Persistence.csproj", "{973C3A97-8C98-4291-8C25-5D2A10539E2B}"
EndProject
Project("{9A19103F-16F7-4668-BE54-9A1E7A4F7556}") = "ITT.OCRService.Shared", "src\Microservices\OCRService\ITT.OCRService.Shared\ITT.OCRService.Shared.csproj", "{6942EB15-227C-4C03-A07E-C0E60303D1F3}"
EndProject
Project("{9A19103F-16F7-4668-BE54-9A1E7A4F7556}") = "ITT.SummaryService.Api", "src\Microservices\SummaryService\ITT.SummaryService.Api\ITT.SummaryService.Api.csproj", "{C38F5592-342B-44C0-BB2D-AB44BF5F8AD0}"
EndProject
Project("{9A19103F-16F7-4668-BE54-9A1E7A4F7556}") = "ITT.SummaryService.Application", "src\Microservices\SummaryService\ITT.SummaryService.Application\ITT.SummaryService.Application.csproj", "{19DF5448-4218-4A35-80A5-0367AB7F53F6}"
EndProject
Project("{9A19103F-16F7-4668-BE54-9A1E7A4F7556}") = "ITT.SummaryService.Domain", "src\Microservices\SummaryService\ITT.SummaryService.Domain\ITT.SummaryService.Domain.csproj", "{3E5A1150-3EF8-4BD8-BF9F-133F44E6F8E6}"
EndProject
Project("{9A19103F-16F7-4668-BE54-9A1E7A4F7556}") = "ITT.SummaryService.Infrastructure", "src\Microservices\SummaryService\ITT.SummaryService.Infrastructure\ITT.SummaryService.Infrastructure.csproj", "{05B3613E-C770-4E98-8C1D-FE7E6254BDD9}"
EndProject
Project("{9A19103F-16F7-4668-BE54-9A1E7A4F7556}") = "ITT.SummaryService.Persistence", "src\Microservices\SummaryService\ITT.SummaryService.Persistence\ITT.SummaryService.Persistence.csproj", "{0D448EFD-FA71-4AC6-9AAF-0B6894BFC7A8}"
EndProject
Project("{9A19103F-16F7-4668-BE54-9A1E7A4F7556}") = "ITT.SummaryService.Shared", "src\Microservices\SummaryService\ITT.SummaryService.Shared\ITT.SummaryService.Shared.csproj", "{EB61BB6A-D681-4B54-9E31-2B58A4B08D13}"
EndProject
Project("{9A19103F-16F7-4668-BE54-9A1E7A4F7556}") = "ITT.ApiGateway", "src\ApiGateway\ITT.ApiGateway\ITT.ApiGateway.csproj", "{F932B392-176E-428E-99A8-F6EB74C9EEAB}"
EndProject
Project("{2150E333-8FDC-42A3-9474-1A3956D46DE8}") = "UI", "UI", "{13E12115-1B74-44C4-9C12-AAF4B8B048FC}"
EndProject
Project("{FAE04EC0-301F-11D3-BF4B-00C04F79EFBC}") = "ITT.Client.Mvc", "src\UI\ITT.Client.Mvc\ITT.Client.Mvc.csproj", "{9DA8F2EB-E26A-4705-8577-24229C5AC519}"
EndProject
Global
	GlobalSection(SolutionConfigurationPlatforms) = preSolution
		Debug|Any CPU = Debug|Any CPU
		Release|Any CPU = Release|Any CPU
	EndGlobalSection
	GlobalSection(ProjectConfigurationPlatforms) = postSolution
		{BDCBC36A-992A-4A20-81C3-0B2B9AF11EB3}.Debug|Any CPU.ActiveCfg = Debug|Any CPU
		{BDCBC36A-992A-4A20-81C3-0B2B9AF11EB3}.Debug|Any CPU.Build.0 = Debug|Any CPU
		{BDCBC36A-992A-4A20-81C3-0B2B9AF11EB3}.Release|Any CPU.ActiveCfg = Release|Any CPU
		{BDCBC36A-992A-4A20-81C3-0B2B9AF11EB3}.Release|Any CPU.Build.0 = Release|Any CPU
		{7876774A-4D94-46A9-8214-C45748D08FA5}.Debug|Any CPU.ActiveCfg = Debug|Any CPU
		{7876774A-4D94-46A9-8214-C45748D08FA5}.Debug|Any CPU.Build.0 = Debug|Any CPU
		{7876774A-4D94-46A9-8214-C45748D08FA5}.Release|Any CPU.ActiveCfg = Release|Any CPU
		{7876774A-4D94-46A9-8214-C45748D08FA5}.Release|Any CPU.Build.0 = Release|Any CPU
		{20FB16A2-DD1C-48E4-A958-A3C90C577B68}.Debug|Any CPU.ActiveCfg = Debug|Any CPU
		{20FB16A2-DD1C-48E4-A958-A3C90C577B68}.Debug|Any CPU.Build.0 = Debug|Any CPU
		{20FB16A2-DD1C-48E4-A958-A3C90C577B68}.Release|Any CPU.ActiveCfg = Release|Any CPU
		{20FB16A2-DD1C-48E4-A958-A3C90C577B68}.Release|Any CPU.Build.0 = Release|Any CPU
		{EC92C25F-ADB8-437A-A1D5-B5C562342BE2}.Debug|Any CPU.ActiveCfg = Debug|Any CPU
		{EC92C25F-ADB8-437A-A1D5-B5C562342BE2}.Debug|Any CPU.Build.0 = Debug|Any CPU
		{EC92C25F-ADB8-437A-A1D5-B5C562342BE2}.Release|Any CPU.ActiveCfg = Release|Any CPU
		{EC92C25F-ADB8-437A-A1D5-B5C562342BE2}.Release|Any CPU.Build.0 = Release|Any CPU
		{21E4FD8D-5DF6-4366-9195-5FA7573FA679}.Debug|Any CPU.ActiveCfg = Debug|Any CPU
		{21E4FD8D-5DF6-4366-9195-5FA7573FA679}.Debug|Any CPU.Build.0 = Debug|Any CPU
		{21E4FD8D-5DF6-4366-9195-5FA7573FA679}.Release|Any CPU.ActiveCfg = Release|Any CPU
		{21E4FD8D-5DF6-4366-9195-5FA7573FA679}.Release|Any CPU.Build.0 = Release|Any CPU
		{0F6A889F-D879-492C-94F7-7CD286D14CE1}.Debug|Any CPU.ActiveCfg = Debug|Any CPU
		{0F6A889F-D879-492C-94F7-7CD286D14CE1}.Debug|Any CPU.Build.0 = Debug|Any CPU
		{0F6A889F-D879-492C-94F7-7CD286D14CE1}.Release|Any CPU.ActiveCfg = Release|Any CPU
		{0F6A889F-D879-492C-94F7-7CD286D14CE1}.Release|Any CPU.Build.0 = Release|Any CPU
		{F6B958A7-D693-44D8-80F6-DE7352BA29B4}.Debug|Any CPU.ActiveCfg = Debug|Any CPU
		{F6B958A7-D693-44D8-80F6-DE7352BA29B4}.Debug|Any CPU.Build.0 = Debug|Any CPU
		{F6B958A7-D693-44D8-80F6-DE7352BA29B4}.Release|Any CPU.ActiveCfg = Release|Any CPU
		{F6B958A7-D693-44D8-80F6-DE7352BA29B4}.Release|Any CPU.Build.0 = Release|Any CPU
		{966AEB98-B746-4379-89DF-09BD527C61DE}.Debug|Any CPU.ActiveCfg = Debug|Any CPU
		{966AEB98-B746-4379-89DF-09BD527C61DE}.Debug|Any CPU.Build.0 = Debug|Any CPU
		{966AEB98-B746-4379-89DF-09BD527C61DE}.Release|Any CPU.ActiveCfg = Release|Any CPU
		{966AEB98-B746-4379-89DF-09BD527C61DE}.Release|Any CPU.Build.0 = Release|Any CPU
		{31CD0874-8102-414F-BDE5-64C9ADE1EDEC}.Debug|Any CPU.ActiveCfg = Debug|Any CPU
		{31CD0874-8102-414F-BDE5-64C9ADE1EDEC}.Debug|Any CPU.Build.0 = Debug|Any CPU
		{31CD0874-8102-414F-BDE5-64C9ADE1EDEC}.Release|Any CPU.ActiveCfg = Release|Any CPU
		{31CD0874-8102-414F-BDE5-64C9ADE1EDEC}.Release|Any CPU.Build.0 = Release|Any CPU
		{6F8CB683-8837-4D71-AD66-2EBA36C889D0}.Debug|Any CPU.ActiveCfg = Debug|Any CPU
		{6F8CB683-8837-4D71-AD66-2EBA36C889D0}.Debug|Any CPU.Build.0 = Debug|Any CPU
		{6F8CB683-8837-4D71-AD66-2EBA36C889D0}.Release|Any CPU.ActiveCfg = Release|Any CPU
		{6F8CB683-8837-4D71-AD66-2EBA36C889D0}.Release|Any CPU.Build.0 = Release|Any CPU
		{2A828FA5-792E-4C3F-A249-C922B9D2FB6D}.Debug|Any CPU.ActiveCfg = Debug|Any CPU
		{2A828FA5-792E-4C3F-A249-C922B9D2FB6D}.Debug|Any CPU.Build.0 = Debug|Any CPU
		{2A828FA5-792E-4C3F-A249-C922B9D2FB6D}.Release|Any CPU.ActiveCfg = Release|Any CPU
		{2A828FA5-792E-4C3F-A249-C922B9D2FB6D}.Release|Any CPU.Build.0 = Release|Any CPU
		{455DA2C4-7FCA-43E8-B42C-45EAF9B78F64}.Debug|Any CPU.ActiveCfg = Debug|Any CPU
		{455DA2C4-7FCA-43E8-B42C-45EAF9B78F64}.Debug|Any CPU.Build.0 = Debug|Any CPU
		{455DA2C4-7FCA-43E8-B42C-45EAF9B78F64}.Release|Any CPU.ActiveCfg = Release|Any CPU
		{455DA2C4-7FCA-43E8-B42C-45EAF9B78F64}.Release|Any CPU.Build.0 = Release|Any CPU
		{C8A52F17-2385-47FF-8E04-4D55F00182AE}.Debug|Any CPU.ActiveCfg = Debug|Any CPU
		{C8A52F17-2385-47FF-8E04-4D55F00182AE}.Debug|Any CPU.Build.0 = Debug|Any CPU
		{C8A52F17-2385-47FF-8E04-4D55F00182AE}.Release|Any CPU.ActiveCfg = Release|Any CPU
		{C8A52F17-2385-47FF-8E04-4D55F00182AE}.Release|Any CPU.Build.0 = Release|Any CPU
		{973C3A97-8C98-4291-8C25-5D2A10539E2B}.Debug|Any CPU.ActiveCfg = Debug|Any CPU
		{973C3A97-8C98-4291-8C25-5D2A10539E2B}.Debug|Any CPU.Build.0 = Debug|Any CPU
		{973C3A97-8C98-4291-8C25-5D2A10539E2B}.Release|Any CPU.ActiveCfg = Release|Any CPU
		{973C3A97-8C98-4291-8C25-5D2A10539E2B}.Release|Any CPU.Build.0 = Release|Any CPU
		{6942EB15-227C-4C03-A07E-C0E60303D1F3}.Debug|Any CPU.ActiveCfg = Debug|Any CPU
		{6942EB15-227C-4C03-A07E-C0E60303D1F3}.Debug|Any CPU.Build.0 = Debug|Any CPU
		{6942EB15-227C-4C03-A07E-C0E60303D1F3}.Release|Any CPU.ActiveCfg = Release|Any CPU
		{6942EB15-227C-4C03-A07E-C0E60303D1F3}.Release|Any CPU.Build.0 = Release|Any CPU
		{C38F5592-342B-44C0-BB2D-AB44BF5F8AD0}.Debug|Any CPU.ActiveCfg = Debug|Any CPU
		{C38F5592-342B-44C0-BB2D-AB44BF5F8AD0}.Debug|Any CPU.Build.0 = Debug|Any CPU
		{C38F5592-342B-44C0-BB2D-AB44BF5F8AD0}.Release|Any CPU.ActiveCfg = Release|Any CPU
		{C38F5592-342B-44C0-BB2D-AB44BF5F8AD0}.Release|Any CPU.Build.0 = Release|Any CPU
		{19DF5448-4218-4A35-80A5-0367AB7F53F6}.Debug|Any CPU.ActiveCfg = Debug|Any CPU
		{19DF5448-4218-4A35-80A5-0367AB7F53F6}.Debug|Any CPU.Build.0 = Debug|Any CPU
		{19DF5448-4218-4A35-80A5-0367AB7F53F6}.Release|Any CPU.ActiveCfg = Release|Any CPU
		{19DF5448-4218-4A35-80A5-0367AB7F53F6}.Release|Any CPU.Build.0 = Release|Any CPU
		{3E5A1150-3EF8-4BD8-BF9F-133F44E6F8E6}.Debug|Any CPU.ActiveCfg = Debug|Any CPU
		{3E5A1150-3EF8-4BD8-BF9F-133F44E6F8E6}.Debug|Any CPU.Build.0 = Debug|Any CPU
		{3E5A1150-3EF8-4BD8-BF9F-133F44E6F8E6}.Release|Any CPU.ActiveCfg = Release|Any CPU
		{3E5A1150-3EF8-4BD8-BF9F-133F44E6F8E6}.Release|Any CPU.Build.0 = Release|Any CPU
		{05B3613E-C770-4E98-8C1D-FE7E6254BDD9}.Debug|Any CPU.ActiveCfg = Debug|Any CPU
		{05B3613E-C770-4E98-8C1D-FE7E6254BDD9}.Debug|Any CPU.Build.0 = Debug|Any CPU
		{05B3613E-C770-4E98-8C1D-FE7E6254BDD9}.Release|Any CPU.ActiveCfg = Release|Any CPU
		{05B3613E-C770-4E98-8C1D-FE7E6254BDD9}.Release|Any CPU.Build.0 = Release|Any CPU
		{0D448EFD-FA71-4AC6-9AAF-0B6894BFC7A8}.Debug|Any CPU.ActiveCfg = Debug|Any CPU
		{0D448EFD-FA71-4AC6-9AAF-0B6894BFC7A8}.Debug|Any CPU.Build.0 = Debug|Any CPU
		{0D448EFD-FA71-4AC6-9AAF-0B6894BFC7A8}.Release|Any CPU.ActiveCfg = Release|Any CPU
		{0D448EFD-FA71-4AC6-9AAF-0B6894BFC7A8}.Release|Any CPU.Build.0 = Release|Any CPU
		{EB61BB6A-D681-4B54-9E31-2B58A4B08D13}.Debug|Any CPU.ActiveCfg = Debug|Any CPU
		{EB61BB6A-D681-4B54-9E31-2B58A4B08D13}.Debug|Any CPU.Build.0 = Debug|Any CPU
		{EB61BB6A-D681-4B54-9E31-2B58A4B08D13}.Release|Any CPU.ActiveCfg = Release|Any CPU
		{EB61BB6A-D681-4B54-9E31-2B58A4B08D13}.Release|Any CPU.Build.0 = Release|Any CPU
		{F932B392-176E-428E-99A8-F6EB74C9EEAB}.Debug|Any CPU.ActiveCfg = Debug|Any CPU
		{F932B392-176E-428E-99A8-F6EB74C9EEAB}.Debug|Any CPU.Build.0 = Debug|Any CPU
		{F932B392-176E-428E-99A8-F6EB74C9EEAB}.Release|Any CPU.ActiveCfg = Release|Any CPU
		{F932B392-176E-428E-99A8-F6EB74C9EEAB}.Release|Any CPU.Build.0 = Release|Any CPU
		{9DA8F2EB-E26A-4705-8577-24229C5AC519}.Debug|Any CPU.ActiveCfg = Debug|Any CPU
		{9DA8F2EB-E26A-4705-8577-24229C5AC519}.Debug|Any CPU.Build.0 = Debug|Any CPU
		{9DA8F2EB-E26A-4705-8577-24229C5AC519}.Release|Any CPU.ActiveCfg = Release|Any CPU
		{9DA8F2EB-E26A-4705-8577-24229C5AC519}.Release|Any CPU.Build.0 = Release|Any CPU
	EndGlobalSection
	GlobalSection(SolutionProperties) = preSolution
		HideSolutionNode = FALSE
	EndGlobalSection
	GlobalSection(NestedProjects) = preSolution
		{49D65E46-DE49-4120-8644-FEC214F6655F} = {CCCCFA3E-CE8C-48CC-B5F1-95F88101ED7C}
		{76A478CE-DEDA-4A35-BE7F-98020BFD9D6C} = {CCCCFA3E-CE8C-48CC-B5F1-95F88101ED7C}
		{8E262A4E-041A-4C59-A723-4EB833464912} = {CCCCFA3E-CE8C-48CC-B5F1-95F88101ED7C}
		{BDCBC36A-992A-4A20-81C3-0B2B9AF11EB3} = {8E262A4E-041A-4C59-A723-4EB833464912}
		{7876774A-4D94-46A9-8214-C45748D08FA5} = {8E262A4E-041A-4C59-A723-4EB833464912}
		{28074D9C-26D8-42B8-83FC-12A10CA247BF} = {76A478CE-DEDA-4A35-BE7F-98020BFD9D6C}
		{4D63D7B1-7E53-45D1-B4A2-EEFE77ADEE79} = {76A478CE-DEDA-4A35-BE7F-98020BFD9D6C}
		{A092AE7A-7F5F-4DCB-80E8-672EDD982B22} = {76A478CE-DEDA-4A35-BE7F-98020BFD9D6C}
		{20FB16A2-DD1C-48E4-A958-A3C90C577B68} = {28074D9C-26D8-42B8-83FC-12A10CA247BF}
		{EC92C25F-ADB8-437A-A1D5-B5C562342BE2} = {8E262A4E-041A-4C59-A723-4EB833464912}
		{21E4FD8D-5DF6-4366-9195-5FA7573FA679} = {28074D9C-26D8-42B8-83FC-12A10CA247BF}
		{0F6A889F-D879-492C-94F7-7CD286D14CE1} = {28074D9C-26D8-42B8-83FC-12A10CA247BF}
		{F6B958A7-D693-44D8-80F6-DE7352BA29B4} = {28074D9C-26D8-42B8-83FC-12A10CA247BF}
		{966AEB98-B746-4379-89DF-09BD527C61DE} = {28074D9C-26D8-42B8-83FC-12A10CA247BF}
		{31CD0874-8102-414F-BDE5-64C9ADE1EDEC} = {28074D9C-26D8-42B8-83FC-12A10CA247BF}
		{6F8CB683-8837-4D71-AD66-2EBA36C889D0} = {A092AE7A-7F5F-4DCB-80E8-672EDD982B22}
		{2A828FA5-792E-4C3F-A249-C922B9D2FB6D} = {A092AE7A-7F5F-4DCB-80E8-672EDD982B22}
		{455DA2C4-7FCA-43E8-B42C-45EAF9B78F64} = {A092AE7A-7F5F-4DCB-80E8-672EDD982B22}
		{C8A52F17-2385-47FF-8E04-4D55F00182AE} = {A092AE7A-7F5F-4DCB-80E8-672EDD982B22}
		{973C3A97-8C98-4291-8C25-5D2A10539E2B} = {A092AE7A-7F5F-4DCB-80E8-672EDD982B22}
		{6942EB15-227C-4C03-A07E-C0E60303D1F3} = {A092AE7A-7F5F-4DCB-80E8-672EDD982B22}
		{C38F5592-342B-44C0-BB2D-AB44BF5F8AD0} = {4D63D7B1-7E53-45D1-B4A2-EEFE77ADEE79}
		{19DF5448-4218-4A35-80A5-0367AB7F53F6} = {4D63D7B1-7E53-45D1-B4A2-EEFE77ADEE79}
		{3E5A1150-3EF8-4BD8-BF9F-133F44E6F8E6} = {4D63D7B1-7E53-45D1-B4A2-EEFE77ADEE79}
		{05B3613E-C770-4E98-8C1D-FE7E6254BDD9} = {4D63D7B1-7E53-45D1-B4A2-EEFE77ADEE79}
		{0D448EFD-FA71-4AC6-9AAF-0B6894BFC7A8} = {4D63D7B1-7E53-45D1-B4A2-EEFE77ADEE79}
		{EB61BB6A-D681-4B54-9E31-2B58A4B08D13} = {4D63D7B1-7E53-45D1-B4A2-EEFE77ADEE79}
		{F932B392-176E-428E-99A8-F6EB74C9EEAB} = {49D65E46-DE49-4120-8644-FEC214F6655F}
		{13E12115-1B74-44C4-9C12-AAF4B8B048FC} = {CCCCFA3E-CE8C-48CC-B5F1-95F88101ED7C}
		{9DA8F2EB-E26A-4705-8577-24229C5AC519} = {13E12115-1B74-44C4-9C12-AAF4B8B048FC}
	EndGlobalSection
	GlobalSection(ExtensibilityGlobals) = postSolution
		SolutionGuid = {E6B2C8DD-55A7-4155-A434-3B5A828CEF49}
	EndGlobalSection
EndGlobal
